
Microsoft Visual Studio Solution File, Format Version 12.00
# Visual Studio Version 17
VisualStudioVersion = 17.1.32414.318
MinimumVisualStudioVersion = 10.0.40219.1
Project("{FAE04EC0-301F-11D3-BF4B-00C04F79EFBC}") = "ListaAppuntamenti", "ListaAppuntamenti\ListaAppuntamenti.csproj", "{79E29621-92B0-4AA4-956F-76032A7EBC9C}"
EndProject
Global
	GlobalSection(SolutionConfigurationPlatforms) = preSolution
		Debug|Any CPU = Debug|Any CPU
		Release|Any CPU = Release|Any CPU
	EndGlobalSection
	GlobalSection(ProjectConfigurationPlatforms) = postSolution
		{79E29621-92B0-4AA4-956F-76032A7EBC9C}.Debug|Any CPU.ActiveCfg = Debug|Any CPU
		{79E29621-92B0-4AA4-956F-76032A7EBC9C}.Debug|Any CPU.Build.0 = Debug|Any CPU
		{79E29621-92B0-4AA4-956F-76032A7EBC9C}.Release|Any CPU.ActiveCfg = Release|Any CPU
		{79E29621-92B0-4AA4-956F-76032A7EBC9C}.Release|Any CPU.Build.0 = Release|Any CPU
	EndGlobalSection
	GlobalSection(SolutionProperties) = preSolution
		HideSolutionNode = FALSE
	EndGlobalSection
	GlobalSection(ExtensibilityGlobals) = postSolution
		SolutionGuid = {282B8255-469E-487D-88FE-42A113F8AFA5}
	EndGlobalSection
EndGlobal
